
Microsoft Visual Studio Solution File, Format Version 12.00
# Visual Studio Version 17
VisualStudioVersion = 17.5.33414.496
MinimumVisualStudioVersion = 10.0.40219.1
Project("{FAE04EC0-301F-11D3-BF4B-00C04F79EFBC}") = "NZWalks.API", "NZWalks.API\NZWalks.API.csproj", "{37D86491-03D8-4D74-8755-35F5B9FEC8BF}"
EndProject
Global
	GlobalSection(SolutionConfigurationPlatforms) = preSolution
		Debug|Any CPU = Debug|Any CPU
		Release|Any CPU = Release|Any CPU
	EndGlobalSection
	GlobalSection(ProjectConfigurationPlatforms) = postSolution
		{37D86491-03D8-4D74-8755-35F5B9FEC8BF}.Debug|Any CPU.ActiveCfg = Debug|Any CPU
		{37D86491-03D8-4D74-8755-35F5B9FEC8BF}.Debug|Any CPU.Build.0 = Debug|Any CPU
		{37D86491-03D8-4D74-8755-35F5B9FEC8BF}.Release|Any CPU.ActiveCfg = Release|Any CPU
		{37D86491-03D8-4D74-8755-35F5B9FEC8BF}.Release|Any CPU.Build.0 = Release|Any CPU
	EndGlobalSection
	GlobalSection(SolutionProperties) = preSolution
		HideSolutionNode = FALSE
	EndGlobalSection
	GlobalSection(ExtensibilityGlobals) = postSolution
		SolutionGuid = {2F25790B-97DB-468D-BAC9-B715C3FFF06D}
	EndGlobalSection
EndGlobal
